
Microsoft Visual Studio Solution File, Format Version 12.00
# Visual Studio 2013
VisualStudioVersion = 12.0.31101.0
MinimumVisualStudioVersion = 10.0.40219.1
Project("{FAE04EC0-301F-11D3-BF4B-00C04F79EFBC}") = "EventTracker", "EventTracker\EventTracker.csproj", "{DA617AE5-914D-4849-90DF-58DD4E1597F8}"
EndProject
Project("{2150E333-8FDC-42A3-9474-1A3956D46DE8}") = "styles", "styles", "{F3D0AE20-AFBD-4551-9377-A674279E9A6A}"
	ProjectSection(SolutionItems) = preProject
		EventTracker\styles\site.css = EventTracker\styles\site.css
	EndProjectSection
EndProject
Global
	GlobalSection(SolutionConfigurationPlatforms) = preSolution
		Debug|Any CPU = Debug|Any CPU
		Release|Any CPU = Release|Any CPU
	EndGlobalSection
	GlobalSection(ProjectConfigurationPlatforms) = postSolution
		{DA617AE5-914D-4849-90DF-58DD4E1597F8}.Debug|Any CPU.ActiveCfg = Debug|Any CPU
		{DA617AE5-914D-4849-90DF-58DD4E1597F8}.Debug|Any CPU.Build.0 = Debug|Any CPU
		{DA617AE5-914D-4849-90DF-58DD4E1597F8}.Release|Any CPU.ActiveCfg = Release|Any CPU
		{DA617AE5-914D-4849-90DF-58DD4E1597F8}.Release|Any CPU.Build.0 = Release|Any CPU
	EndGlobalSection
	GlobalSection(SolutionProperties) = preSolution
		HideSolutionNode = FALSE
	EndGlobalSection
EndGlobal
